
Microsoft Visual Studio Solution File, Format Version 12.00
# Visual Studio Version 16
VisualStudioVersion = 16.0.28729.10
MinimumVisualStudioVersion = 10.0.40219.1
Project("{FAE04EC0-301F-11D3-BF4B-00C04F79EFBC}") = "Section1Video3", "Section1Video3\Section1Video3.csproj", "{13694E56-7FA1-4ACC-B7DB-BDF63FA4B75D}"
EndProject
Global
	GlobalSection(SolutionConfigurationPlatforms) = preSolution
		Debug|Any CPU = Debug|Any CPU
		Release|Any CPU = Release|Any CPU
	EndGlobalSection
	GlobalSection(ProjectConfigurationPlatforms) = postSolution
		{13694E56-7FA1-4ACC-B7DB-BDF63FA4B75D}.Debug|Any CPU.ActiveCfg = Debug|Any CPU
		{13694E56-7FA1-4ACC-B7DB-BDF63FA4B75D}.Debug|Any CPU.Build.0 = Debug|Any CPU
		{13694E56-7FA1-4ACC-B7DB-BDF63FA4B75D}.Release|Any CPU.ActiveCfg = Release|Any CPU
		{13694E56-7FA1-4ACC-B7DB-BDF63FA4B75D}.Release|Any CPU.Build.0 = Release|Any CPU
	EndGlobalSection
	GlobalSection(SolutionProperties) = preSolution
		HideSolutionNode = FALSE
	EndGlobalSection
	GlobalSection(ExtensibilityGlobals) = postSolution
		SolutionGuid = {0A381E7F-DBC0-4B5A-9CE6-D8E423531CF7}
	EndGlobalSection
EndGlobal
